
Microsoft Visual Studio Solution File, Format Version 12.00
# Visual Studio 14
VisualStudioVersion = 14.0.22310.1
MinimumVisualStudioVersion = 10.0.40219.1
Project("{FAE04EC0-301F-11D3-BF4B-00C04F79EFBC}") = "DefaultParameterDiagnostic", "DefaultParameterDiagnostic\DefaultParameterDiagnostic\DefaultParameterDiagnostic.csproj", "{25281E5C-2CAD-4D55-BD1B-D6FBBBC5ABEF}"
EndProject
Project("{2150E333-8FDC-42A3-9474-1A3956D46DE8}") = ".nuget", ".nuget", "{06E042FF-E0F3-4782-BACB-FC42CF2854C8}"
	ProjectSection(SolutionItems) = preProject
		.nuget\packages.config = .nuget\packages.config
	EndProjectSection
EndProject
Project("{FAE04EC0-301F-11D3-BF4B-00C04F79EFBC}") = "DefaultParameterDiagnostic.Test", "DefaultParameterDiagnostic\DefaultParameterDiagnostic.Test\DefaultParameterDiagnostic.Test.csproj", "{BD914DFC-12F3-4115-A27D-6505BBABF515}"
EndProject
Project("{FAE04EC0-301F-11D3-BF4B-00C04F79EFBC}") = "DefaultParameterDiagnostic.Vsix", "DefaultParameterDiagnostic\DefaultParameterDiagnostic.Vsix\DefaultParameterDiagnostic.Vsix.csproj", "{1B79B2AD-E6C9-4D95-B940-8D88C6D3EF9B}"
EndProject
Global
	GlobalSection(SolutionConfigurationPlatforms) = preSolution
		Debug|Any CPU = Debug|Any CPU
		Release|Any CPU = Release|Any CPU
	EndGlobalSection
	GlobalSection(ProjectConfigurationPlatforms) = postSolution
		{25281E5C-2CAD-4D55-BD1B-D6FBBBC5ABEF}.Debug|Any CPU.ActiveCfg = Debug|Any CPU
		{25281E5C-2CAD-4D55-BD1B-D6FBBBC5ABEF}.Debug|Any CPU.Build.0 = Debug|Any CPU
		{25281E5C-2CAD-4D55-BD1B-D6FBBBC5ABEF}.Release|Any CPU.ActiveCfg = Release|Any CPU
		{25281E5C-2CAD-4D55-BD1B-D6FBBBC5ABEF}.Release|Any CPU.Build.0 = Release|Any CPU
		{BD914DFC-12F3-4115-A27D-6505BBABF515}.Debug|Any CPU.ActiveCfg = Debug|Any CPU
		{BD914DFC-12F3-4115-A27D-6505BBABF515}.Debug|Any CPU.Build.0 = Debug|Any CPU
		{BD914DFC-12F3-4115-A27D-6505BBABF515}.Release|Any CPU.ActiveCfg = Release|Any CPU
		{BD914DFC-12F3-4115-A27D-6505BBABF515}.Release|Any CPU.Build.0 = Release|Any CPU
		{1B79B2AD-E6C9-4D95-B940-8D88C6D3EF9B}.Debug|Any CPU.ActiveCfg = Debug|Any CPU
		{1B79B2AD-E6C9-4D95-B940-8D88C6D3EF9B}.Debug|Any CPU.Build.0 = Debug|Any CPU
		{1B79B2AD-E6C9-4D95-B940-8D88C6D3EF9B}.Release|Any CPU.ActiveCfg = Release|Any CPU
		{1B79B2AD-E6C9-4D95-B940-8D88C6D3EF9B}.Release|Any CPU.Build.0 = Release|Any CPU
	EndGlobalSection
	GlobalSection(SolutionProperties) = preSolution
		HideSolutionNode = FALSE
	EndGlobalSection
EndGlobal
